
Microsoft Visual Studio Solution File, Format Version 12.00
# Visual Studio Version 17
VisualStudioVersion = 17.14.36414.22 d17.14
MinimumVisualStudioVersion = 10.0.40219.1
Project("{FAE04EC0-301F-11D3-BF4B-00C04F79EFBC}") = "google_reviews", "google_reviews.csproj", "{04D14253-3682-4A26-9478-3B79D52339A0}"
EndProject
Global
	GlobalSection(SolutionConfigurationPlatforms) = preSolution
		Debug|Any CPU = Debug|Any CPU
		Release|Any CPU = Release|Any CPU
	EndGlobalSection
	GlobalSection(ProjectConfigurationPlatforms) = postSolution
		{04D14253-3682-4A26-9478-3B79D52339A0}.Debug|Any CPU.ActiveCfg = Debug|Any CPU
		{04D14253-3682-4A26-9478-3B79D52339A0}.Debug|Any CPU.Build.0 = Debug|Any CPU
		{04D14253-3682-4A26-9478-3B79D52339A0}.Release|Any CPU.ActiveCfg = Release|Any CPU
		{04D14253-3682-4A26-9478-3B79D52339A0}.Release|Any CPU.Build.0 = Release|Any CPU
	EndGlobalSection
	GlobalSection(SolutionProperties) = preSolution
		HideSolutionNode = FALSE
	EndGlobalSection
	GlobalSection(ExtensibilityGlobals) = postSolution
		SolutionGuid = {74CE0F12-0320-48F8-81A2-3A586545091F}
	EndGlobalSection
EndGlobal
